// !$*UTF8*$!
{
	archiveVersion = 1;
	classes = {
	};
	objectVersion = 46;
	objects = {

/* Begin PBXBuildFile section */
		1FAFE10C18D8BB010084131C /* Foundation.framework in Frameworks */ = {isa = PBXBuildFile; fileRef = 1FAFE10B18D8BB010084131C /* Foundation.framework */; };
		1FAFE10E18D8BB010084131C /* CoreGraphics.framework in Frameworks */ = {isa = PBXBuildFile; fileRef = 1FAFE10D18D8BB010084131C /* CoreGraphics.framework */; };
		1FAFE11018D8BB010084131C /* UIKit.framework in Frameworks */ = {isa = PBXBuildFile; fileRef = 1FAFE10F18D8BB010084131C /* UIKit.framework */; };
		1FAFE11618D8BB010084131C /* InfoPlist.strings in Resources */ = {isa = PBXBuildFile; fileRef = 1FAFE11418D8BB010084131C /* InfoPlist.strings */; };
		1FAFE11818D8BB010084131C /* main.m in Sources */ = {isa = PBXBuildFile; fileRef = 1FAFE11718D8BB010084131C /* main.m */; };
		1FAFE11C18D8BB010084131C /* OTWAppDelegate.m in Sources */ = {isa = PBXBuildFile; fileRef = 1FAFE11B18D8BB010084131C /* OTWAppDelegate.m */; };
		1FAFE11F18D8BB010084131C /* Main.storyboard in Resources */ = {isa = PBXBuildFile; fileRef = 1FAFE11D18D8BB010084131C /* Main.storyboard */; };
		1FAFE12218D8BB010084131C /* OTWViewController.m in Sources */ = {isa = PBXBuildFile; fileRef = 1FAFE12118D8BB010084131C /* OTWViewController.m */; };
		1FAFE12418D8BB010084131C /* Images.xcassets in Resources */ = {isa = PBXBuildFile; fileRef = 1FAFE12318D8BB010084131C /* Images.xcassets */; };
		1FAFE12B18D8BB010084131C /* XCTest.framework in Frameworks */ = {isa = PBXBuildFile; fileRef = 1FAFE12A18D8BB010084131C /* XCTest.framework */; };
		1FAFE12C18D8BB010084131C /* Foundation.framework in Frameworks */ = {isa = PBXBuildFile; fileRef = 1FAFE10B18D8BB010084131C /* Foundation.framework */; };
		1FAFE12D18D8BB010084131C /* UIKit.framework in Frameworks */ = {isa = PBXBuildFile; fileRef = 1FAFE10F18D8BB010084131C /* UIKit.framework */; };
		1FAFE13518D8BB010084131C /* InfoPlist.strings in Resources */ = {isa = PBXBuildFile; fileRef = 1FAFE13318D8BB010084131C /* InfoPlist.strings */; };
		1FAFE13718D8BB010084131C /* Out_of_This_WorldTests.m in Sources */ = {isa = PBXBuildFile; fileRef = 1FAFE13618D8BB010084131C /* Out_of_This_WorldTests.m */; };
/* End PBXBuildFile section */

/* Begin PBXContainerItemProxy section */
		1FAFE12E18D8BB010084131C /* PBXContainerItemProxy */ = {
			isa = PBXContainerItemProxy;
			containerPortal = 1FAFE10018D8BB010084131C /* Project object */;
			proxyType = 1;
			remoteGlobalIDString = 1FAFE10718D8BB010084131C;
			remoteInfo = "Out of This World";
		};
/* End PBXContainerItemProxy section */

/* Begin PBXFileReference section */
		1FAFE10818D8BB010084131C /* Out of This World.app */ = {isa = PBXFileReference; explicitFileType = wrapper.application; includeInIndex = 0; path = "Out of This World.app"; sourceTree = BUILT_PRODUCTS_DIR; };
		1FAFE10B18D8BB010084131C /* Foundation.framework */ = {isa = PBXFileReference; lastKnownFileType = wrapper.framework; name = Foundation.framework; path = System/Library/Frameworks/Foundation.framework; sourceTree = SDKROOT; };
		1FAFE10D18D8BB010084131C /* CoreGraphics.framework */ = {isa = PBXFileReference; lastKnownFileType = wrapper.framework; name = CoreGraphics.framework; path = System/Library/Frameworks/CoreGraphics.framework; sourceTree = SDKROOT; };
		1FAFE10F18D8BB010084131C /* UIKit.framework */ = {isa = PBXFileReference; lastKnownFileType = wrapper.framework; name = UIKit.framework; path = System/Library/Frameworks/UIKit.framework; sourceTree = SDKROOT; };
		1FAFE11318D8BB010084131C /* Out of This World-Info.plist */ = {isa = PBXFileReference; lastKnownFileType = text.plist.xml; path = "Out of This World-Info.plist"; sourceTree = "<group>"; };
		1FAFE11518D8BB010084131C /* en */ = {isa = PBXFileReference; lastKnownFileType = text.plist.strings; name = en; path = en.lproj/InfoPlist.strings; sourceTree = "<group>"; };
		1FAFE11718D8BB010084131C /* main.m */ = {isa = PBXFileReference; lastKnownFileType = sourcecode.c.objc; path = main.m; sourceTree = "<group>"; };
		1FAFE11918D8BB010084131C /* Out of This World-Prefix.pch */ = {isa = PBXFileReference; lastKnownFileType = sourcecode.c.h; path = "Out of This World-Prefix.pch"; sourceTree = "<group>"; };
		1FAFE11A18D8BB010084131C /* OTWAppDelegate.h */ = {isa = PBXFileReference; lastKnownFileType = sourcecode.c.h; path = OTWAppDelegate.h; sourceTree = "<group>"; };
		1FAFE11B18D8BB010084131C /* OTWAppDelegate.m */ = {isa = PBXFileReference; lastKnownFileType = sourcecode.c.objc; path = OTWAppDelegate.m; sourceTree = "<group>"; };
		1FAFE11E18D8BB010084131C /* Base */ = {isa = PBXFileReference; lastKnownFileType = file.storyboard; name = Base; path = Base.lproj/Main.storyboard; sourceTree = "<group>"; };
		1FAFE12018D8BB010084131C /* OTWViewController.h */ = {isa = PBXFileReference; lastKnownFileType = sourcecode.c.h; path = OTWViewController.h; sourceTree = "<group>"; };
		1FAFE12118D8BB010084131C /* OTWViewController.m */ = {isa = PBXFileReference; lastKnownFileType = sourcecode.c.objc; path = OTWViewController.m; sourceTree = "<group>"; };
		1FAFE12318D8BB010084131C /* Images.xcassets */ = {isa = PBXFileReference; lastKnownFileType = folder.assetcatalog; path = Images.xcassets; sourceTree = "<group>"; };
		1FAFE12918D8BB010084131C /* Out of This WorldTests.xctest */ = {isa = PBXFileReference; explicitFileType = wrapper.cfbundle; includeInIndex = 0; path = "Out of This WorldTests.xctest"; sourceTree = BUILT_PRODUCTS_DIR; };
		1FAFE12A18D8BB010084131C /* XCTest.framework */ = {isa = PBXFileReference; lastKnownFileType = wrapper.framework; name = XCTest.framework; path = Library/Frameworks/XCTest.framework; sourceTree = DEVELOPER_DIR; };
		1FAFE13218D8BB010084131C /* Out of This WorldTests-Info.plist */ = {isa = PBXFileReference; lastKnownFileType = text.plist.xml; path = "Out of This WorldTests-Info.plist"; sourceTree = "<group>"; };
		1FAFE13418D8BB010084131C /* en */ = {isa = PBXFileReference; lastKnownFileType = text.plist.strings; name = en; path = en.lproj/InfoPlist.strings; sourceTree = "<group>"; };
		1FAFE13618D8BB010084131C /* Out_of_This_WorldTests.m */ = {isa = PBXFileReference; lastKnownFileType = sourcecode.c.objc; path = Out_of_This_WorldTests.m; sourceTree = "<group>"; };
/* End PBXFileReference section */

/* Begin PBXFrameworksBuildPhase section */
		1FAFE10518D8BB010084131C /* Frameworks */ = {
			isa = PBXFrameworksBuildPhase;
			buildActionMask = 2147483647;
			files = (
				1FAFE10E18D8BB010084131C /* CoreGraphics.framework in Frameworks */,
				1FAFE11018D8BB010084131C /* UIKit.framework in Frameworks */,
				1FAFE10C18D8BB010084131C /* Foundation.framework in Frameworks */,
			);
			runOnlyForDeploymentPostprocessing = 0;
		};
		1FAFE12618D8BB010084131C /* Frameworks */ = {
			isa = PBXFrameworksBuildPhase;
			buildActionMask = 2147483647;
			files = (
				1FAFE12B18D8BB010084131C /* XCTest.framework in Frameworks */,
				1FAFE12D18D8BB010084131C /* UIKit.framework in Frameworks */,
				1FAFE12C18D8BB010084131C /* Foundation.framework in Frameworks */,
			);
			runOnlyForDeploymentPostprocessing = 0;
		};
/* End PBXFrameworksBuildPhase section */

/* Begin PBXGroup section */
		1FAFE0FF18D8BB010084131C = {
			isa = PBXGroup;
			children = (
				1FAFE11118D8BB010084131C /* Out of This World */,
				1FAFE13018D8BB010084131C /* Out of This WorldTests */,
				1FAFE10A18D8BB010084131C /* Frameworks */,
				1FAFE10918D8BB010084131C /* Products */,
			);
			sourceTree = "<group>";
		};
		1FAFE10918D8BB010084131C /* Products */ = {
			isa = PBXGroup;
			children = (
				1FAFE10818D8BB010084131C /* Out of This World.app */,
				1FAFE12918D8BB010084131C /* Out of This WorldTests.xctest */,
			);
			name = Products;
			sourceTree = "<group>";
		};
		1FAFE10A18D8BB010084131C /* Frameworks */ = {
			isa = PBXGroup;
			children = (
				1FAFE10B18D8BB010084131C /* Foundation.framework */,
				1FAFE10D18D8BB010084131C /* CoreGraphics.framework */,
				1FAFE10F18D8BB010084131C /* UIKit.framework */,
				1FAFE12A18D8BB010084131C /* XCTest.framework */,
			);
			name = Frameworks;
			sourceTree = "<group>";
		};
		1FAFE11118D8BB010084131C /* Out of This World */ = {
			isa = PBXGroup;
			children = (
				1FAFE11A18D8BB010084131C /* OTWAppDelegate.h */,
				1FAFE11B18D8BB010084131C /* OTWAppDelegate.m */,
				1FAFE11D18D8BB010084131C /* Main.storyboard */,
				1FAFE12018D8BB010084131C /* OTWViewController.h */,
				1FAFE12118D8BB010084131C /* OTWViewController.m */,
				1FAFE12318D8BB010084131C /* Images.xcassets */,
				1FAFE11218D8BB010084131C /* Supporting Files */,
			);
			path = "Out of This World";
			sourceTree = "<group>";
		};
		1FAFE11218D8BB010084131C /* Supporting Files */ = {
			isa = PBXGroup;
			children = (
				1FAFE11318D8BB010084131C /* Out of This World-Info.plist */,
				1FAFE11418D8BB010084131C /* InfoPlist.strings */,
				1FAFE11718D8BB010084131C /* main.m */,
				1FAFE11918D8BB010084131C /* Out of This World-Prefix.pch */,
			);
			name = "Supporting Files";
			sourceTree = "<group>";
		};
		1FAFE13018D8BB010084131C /* Out of This WorldTests */ = {
			isa = PBXGroup;
			children = (
				1FAFE13618D8BB010084131C /* Out_of_This_WorldTests.m */,
				1FAFE13118D8BB010084131C /* Supporting Files */,
			);
			path = "Out of This WorldTests";
			sourceTree = "<group>";
		};
		1FAFE13118D8BB010084131C /* Supporting Files */ = {
			isa = PBXGroup;
			children = (
				1FAFE13218D8BB010084131C /* Out of This WorldTests-Info.plist */,
				1FAFE13318D8BB010084131C /* InfoPlist.strings */,
			);
			name = "Supporting Files";
			sourceTree = "<group>";
		};
/* End PBXGroup section */

/* Begin PBXNativeTarget section */
		1FAFE10718D8BB010084131C /* Out of This World */ = {
			isa = PBXNativeTarget;
			buildConfigurationList = 1FAFE13A18D8BB010084131C /* Build configuration list for PBXNativeTarget "Out of This World" */;
			buildPhases = (
				1FAFE10418D8BB010084131C /* Sources */,
				1FAFE10518D8BB010084131C /* Frameworks */,
				1FAFE10618D8BB010084131C /* Resources */,
			);
			buildRules = (
			);
			dependencies = (
			);
			name = "Out of This World";
			productName = "Out of This World";
			productReference = 1FAFE10818D8BB010084131C /* Out of This World.app */;
			productType = "com.apple.product-type.application";
		};
		1FAFE12818D8BB010084131C /* Out of This WorldTests */ = {
			isa = PBXNativeTarget;
			buildConfigurationList = 1FAFE13D18D8BB010084131C /* Build configuration list for PBXNativeTarget "Out of This WorldTests" */;
			buildPhases = (
				1FAFE12518D8BB010084131C /* Sources */,
				1FAFE12618D8BB010084131C /* Frameworks */,
				1FAFE12718D8BB010084131C /* Resources */,
			);
			buildRules = (
			);
			dependencies = (
				1FAFE12F18D8BB010084131C /* PBXTargetDependency */,
			);
			name = "Out of This WorldTests";
			productName = "Out of This WorldTests";
			productReference = 1FAFE12918D8BB010084131C /* Out of This WorldTests.xctest */;
			productType = "com.apple.product-type.bundle.unit-test";
		};
/* End PBXNativeTarget section */

/* Begin PBXProject section */
		1FAFE10018D8BB010084131C /* Project object */ = {
			isa = PBXProject;
			attributes = {
				CLASSPREFIX = OTW;
				LastUpgradeCheck = 0510;
				ORGANIZATIONNAME = "Shane Butlion";
				TargetAttributes = {
					1FAFE12818D8BB010084131C = {
						TestTargetID = 1FAFE10718D8BB010084131C;
					};
				};
			};
			buildConfigurationList = 1FAFE10318D8BB010084131C /* Build configuration list for PBXProject "Out of This World" */;
			compatibilityVersion = "Xcode 3.2";
			developmentRegion = English;
			hasScannedForEncodings = 0;
			knownRegions = (
				en,
				Base,
			);
			mainGroup = 1FAFE0FF18D8BB010084131C;
			productRefGroup = 1FAFE10918D8BB010084131C /* Products */;
			projectDirPath = "";
			projectRoot = "";
			targets = (
				1FAFE10718D8BB010084131C /* Out of This World */,
				1FAFE12818D8BB010084131C /* Out of This WorldTests */,
			);
		};
/* End PBXProject section */

/* Begin PBXResourcesBuildPhase section */
		1FAFE10618D8BB010084131C /* Resources */ = {
			isa = PBXResourcesBuildPhase;
			buildActionMask = 2147483647;
			files = (
				1FAFE12418D8BB010084131C /* Images.xcassets in Resources */,
				1FAFE11618D8BB010084131C /* InfoPlist.strings in Resources */,
				1FAFE11F18D8BB010084131C /* Main.storyboard in Resources */,
			);
			runOnlyForDeploymentPostprocessing = 0;
		};
		1FAFE12718D8BB010084131C /* Resources */ = {
			isa = PBXResourcesBuildPhase;
			buildActionMask = 2147483647;
			files = (
				1FAFE13518D8BB010084131C /* InfoPlist.strings in Resources */,
			);
			runOnlyForDeploymentPostprocessing = 0;
		};
/* End PBXResourcesBuildPhase section */

/* Begin PBXSourcesBuildPhase section */
		1FAFE10418D8BB010084131C /* Sources */ = {
			isa = PBXSourcesBuildPhase;
			buildActionMask = 2147483647;
			files = (
				1FAFE11818D8BB010084131C /* main.m in Sources */,
				1FAFE12218D8BB010084131C /* OTWViewController.m in Sources */,
				1FAFE11C18D8BB010084131C /* OTWAppDelegate.m in Sources */,
			);
			runOnlyForDeploymentPostprocessing = 0;
		};
		1FAFE12518D8BB010084131C /* Sources */ = {
			isa = PBXSourcesBuildPhase;
			buildActionMask = 2147483647;
			files = (
				1FAFE13718D8BB010084131C /* Out_of_This_WorldTests.m in Sources */,
			);
			runOnlyForDeploymentPostprocessing = 0;
		};
/* End PBXSourcesBuildPhase section */

/* Begin PBXTargetDependency section */
		1FAFE12F18D8BB010084131C /* PBXTargetDependency */ = {
			isa = PBXTargetDependency;
			target = 1FAFE10718D8BB010084131C /* Out of This World */;
			targetProxy = 1FAFE12E18D8BB010084131C /* PBXContainerItemProxy */;
		};
/* End PBXTargetDependency section */

/* Begin PBXVariantGroup section */
		1FAFE11418D8BB010084131C /* InfoPlist.strings */ = {
			isa = PBXVariantGroup;
			children = (
				1FAFE11518D8BB010084131C /* en */,
			);
			name = InfoPlist.strings;
			sourceTree = "<group>";
		};
		1FAFE11D18D8BB010084131C /* Main.storyboard */ = {
			isa = PBXVariantGroup;
			children = (
				1FAFE11E18D8BB010084131C /* Base */,
			);
			name = Main.storyboard;
			sourceTree = "<group>";
		};
		1FAFE13318D8BB010084131C /* InfoPlist.strings */ = {
			isa = PBXVariantGroup;
			children = (
				1FAFE13418D8BB010084131C /* en */,
			);
			name = InfoPlist.strings;
			sourceTree = "<group>";
		};
/* End PBXVariantGroup section */

/* Begin XCBuildConfiguration section */
		1FAFE13818D8BB010084131C /* Debug */ = {
			isa = XCBuildConfiguration;
			buildSettings = {
				ALWAYS_SEARCH_USER_PATHS = NO;
				CLANG_CXX_LANGUAGE_STANDARD = "gnu++0x";
				CLANG_CXX_LIBRARY = "libc++";
				CLANG_ENABLE_MODULES = YES;
				CLANG_ENABLE_OBJC_ARC = YES;
				CLANG_WARN_BOOL_CONVERSION = YES;
				CLANG_WARN_CONSTANT_CONVERSION = YES;
				CLANG_WARN_DIRECT_OBJC_ISA_USAGE = YES_ERROR;
				CLANG_WARN_EMPTY_BODY = YES;
				CLANG_WARN_ENUM_CONVERSION = YES;
				CLANG_WARN_INT_CONVERSION = YES;
				CLANG_WARN_OBJC_ROOT_CLASS = YES_ERROR;
				CLANG_WARN__DUPLICATE_METHOD_MATCH = YES;
				"CODE_SIGN_IDENTITY[sdk=iphoneos*]" = "iPhone Developer";
				COPY_PHASE_STRIP = NO;
				GCC_C_LANGUAGE_STANDARD = gnu99;
				GCC_DYNAMIC_NO_PIC = NO;
				GCC_OPTIMIZATION_LEVEL = 0;
				GCC_PREPROCESSOR_DEFINITIONS = (
					"DEBUG=1",
					"$(inherited)",
				);
				GCC_SYMBOLS_PRIVATE_EXTERN = NO;
				GCC_WARN_64_TO_32_BIT_CONVERSION = YES;
				GCC_WARN_ABOUT_RETURN_TYPE = YES_ERROR;
				GCC_WARN_UNDECLARED_SELECTOR = YES;
				GCC_WARN_UNINITIALIZED_AUTOS = YES_AGGRESSIVE;
				GCC_WARN_UNUSED_FUNCTION = YES;
				GCC_WARN_UNUSED_VARIABLE = YES;
				IPHONEOS_DEPLOYMENT_TARGET = 7.1;
				ONLY_ACTIVE_ARCH = YES;
				SDKROOT = iphoneos;
			};
			name = Debug;
		};
		1FAFE13918D8BB010084131C /* Release */ = {
			isa = XCBuildConfiguration;
			buildSettings = {
				ALWAYS_SEARCH_USER_PATHS = NO;
				CLANG_CXX_LANGUAGE_STANDARD = "gnu++0x";
				CLANG_CXX_LIBRARY = "libc++";
				CLANG_ENABLE_MODULES = YES;
				CLANG_ENABLE_OBJC_ARC = YES;
				CLANG_WARN_BOOL_CONVERSION = YES;
				CLANG_WARN_CONSTANT_CONVERSION = YES;
				CLANG_WARN_DIRECT_OBJC_ISA_USAGE = YES_ERROR;
				CLANG_WARN_EMPTY_BODY = YES;
				CLANG_WARN_ENUM_CONVERSION = YES;
				CLANG_WARN_INT_CONVERSION = YES;
				CLANG_WARN_OBJC_ROOT_CLASS = YES_ERROR;
				CLANG_WARN__DUPLICATE_METHOD_MATCH = YES;
				"CODE_SIGN_IDENTITY[sdk=iphoneos*]" = "iPhone Developer";
				COPY_PHASE_STRIP = YES;
				ENABLE_NS_ASSERTIONS = NO;
				GCC_C_LANGUAGE_STANDARD = gnu99;
				GCC_WARN_64_TO_32_BIT_CONVERSION = YES;
				GCC_WARN_ABOUT_RETURN_TYPE = YES_ERROR;
				GCC_WARN_UNDECLARED_SELECTOR = YES;
				GCC_WARN_UNINITIALIZED_AUTOS = YES_AGGRESSIVE;
				GCC_WARN_UNUSED_FUNCTION = YES;
				GCC_WARN_UNUSED_VARIABLE = YES;
				IPHONEOS_DEPLOYMENT_TARGET = 7.1;
				SDKROOT = iphoneos;
				VALIDATE_PRODUCT = YES;
			};
			name = Release;
		};
		1FAFE13B18D8BB010084131C /* Debug */ = {
			isa = XCBuildConfiguration;
			buildSettings = {
				ASSETCATALOG_COMPILER_APPICON_NAME = AppIcon;
				ASSETCATALOG_COMPILER_LAUNCHIMAGE_NAME = LaunchImage;
				GCC_PRECOMPILE_PREFIX_HEADER = YES;
				GCC_PREFIX_HEADER = "Out of This World/Out of This World-Prefix.pch";
				INFOPLIST_FILE = "Out of This World/Out of This World-Info.plist";
				PRODUCT_NAME = "$(TARGET_NAME)";
				WRAPPER_EXTENSION = app;
			};
			name = Debug;
		};
		1FAFE13C18D8BB010084131C /* Release */ = {
			isa = XCBuildConfiguration;
			buildSettings = {
				ASSETCATALOG_COMPILER_APPICON_NAME = AppIcon;
				ASSETCATALOG_COMPILER_LAUNCHIMAGE_NAME = LaunchImage;
				GCC_PRECOMPILE_PREFIX_HEADER = YES;
				GCC_PREFIX_HEADER = "Out of This World/Out of This World-Prefix.pch";
				INFOPLIST_FILE = "Out of This World/Out of This World-Info.plist";
				PRODUCT_NAME = "$(TARGET_NAME)";
				WRAPPER_EXTENSION = app;
			};
			name = Release;
		};
		1FAFE13E18D8BB010084131C /* Debug */ = {
			isa = XCBuildConfiguration;
			buildSettings = {
				BUNDLE_LOADER = "$(BUILT_PRODUCTS_DIR)/Out of This World.app/Out of This World";
				FRAMEWORK_SEARCH_PATHS = (
					"$(SDKROOT)/Developer/Library/Frameworks",
					"$(inherited)",
					"$(DEVELOPER_FRAMEWORKS_DIR)",
				);
				GCC_PRECOMPILE_PREFIX_HEADER = YES;
				GCC_PREFIX_HEADER = "Out of This World/Out of This World-Prefix.pch";
				GCC_PREPROCESSOR_DEFINITIONS = (
					"DEBUG=1",
					"$(inherited)",
				);
				INFOPLIST_FILE = "Out of This WorldTests/Out of This WorldTests-Info.plist";
				PRODUCT_NAME = "$(TARGET_NAME)";
				TEST_HOST = "$(BUNDLE_LOADER)";
				WRAPPER_EXTENSION = xctest;
			};
			name = Debug;
		};
		1FAFE13F18D8BB010084131C /* Release */ = {
			isa = XCBuildConfiguration;
			buildSettings = {
				BUNDLE_LOADER = "$(BUILT_PRODUCTS_DIR)/Out of This World.app/Out of This World";
				FRAMEWORK_SEARCH_PATHS = (
					"$(SDKROOT)/Developer/Library/Frameworks",
					"$(inherited)",
					"$(DEVELOPER_FRAMEWORKS_DIR)",
				);
				GCC_PRECOMPILE_PREFIX_HEADER = YES;
				GCC_PREFIX_HEADER = "Out of This World/Out of This World-Prefix.pch";
				INFOPLIST_FILE = "Out of This WorldTests/Out of This WorldTests-Info.plist";
				PRODUCT_NAME = "$(TARGET_NAME)";
				TEST_HOST = "$(BUNDLE_LOADER)";
				WRAPPER_EXTENSION = xctest;
			};
			name = Release;
		};
/* End XCBuildConfiguration section */

/* Begin XCConfigurationList section */
		1FAFE10318D8BB010084131C /* Build configuration list for PBXProject "Out of This World" */ = {
			isa = XCConfigurationList;
			buildConfigurations = (
				1FAFE13818D8BB010084131C /* Debug */,
				1FAFE13918D8BB010084131C /* Release */,
			);
			defaultConfigurationIsVisible = 0;
			defaultConfigurationName = Release;
		};
		1FAFE13A18D8BB010084131C /* Build configuration list for PBXNativeTarget "Out of This World" */ = {
			isa = XCConfigurationList;
			buildConfigurations = (
				1FAFE13B18D8BB010084131C /* Debug */,
				1FAFE13C18D8BB010084131C /* Release */,
			);
			defaultConfigurationIsVisible = 0;
		};
		1FAFE13D18D8BB010084131C /* Build configuration list for PBXNativeTarget "Out of This WorldTests" */ = {
			isa = XCConfigurationList;
			buildConfigurations = (
				1FAFE13E18D8BB010084131C /* Debug */,
				1FAFE13F18D8BB010084131C /* Release */,
			);
			defaultConfigurationIsVisible = 0;
		};
/* End XCConfigurationList section */
	};
	rootObject = 1FAFE10018D8BB010084131C /* Project object */;
}
